
Microsoft Visual Studio Solution File, Format Version 12.00
# Visual Studio Version 17
VisualStudioVersion = 17.2.32616.157
MinimumVisualStudioVersion = 10.0.40219.1
Project("{FAE04EC0-301F-11D3-BF4B-00C04F79EFBC}") = "OmegaSoftware.TestProject.Web", "OmegaSoftware.TestProject.Web\OmegaSoftware.TestProject.Web.csproj", "{F73B65EF-F5ED-4981-9D96-26DF2C661694}"
EndProject
Project("{FAE04EC0-301F-11D3-BF4B-00C04F79EFBC}") = "OmegaSoftware.TestProject.DAL", "OmegaSoftware.TestProject.DAL\OmegaSoftware.TestProject.DAL.csproj", "{AEF51164-403D-493E-A28F-EB750D938D03}"
EndProject
Project("{FAE04EC0-301F-11D3-BF4B-00C04F79EFBC}") = "OmegaSoftware.TestProject.Configuration", "OmegaSoftware.TestProject.Configuration\OmegaSoftware.TestProject.Configuration.csproj", "{09BD57ED-2A37-47A8-93B4-B06F04E028CC}"
EndProject
Project("{FAE04EC0-301F-11D3-BF4B-00C04F79EFBC}") = "OmegaSoftware.TestProject.BL.Domain", "OmegaSoftware.TestProject.BL.Domain\OmegaSoftware.TestProject.BL.Domain.csproj", "{C38D72FB-528B-4B03-A53A-B2BDAFD5EF3F}"
EndProject
Project("{FAE04EC0-301F-11D3-BF4B-00C04F79EFBC}") = "OmegaSoftware.TestProject.BL.App", "OmegaSoftware.TestProject.BL.App\OmegaSoftware.TestProject.BL.App.csproj", "{901C014C-9C23-4152-BDFE-3602EB29A258}"
EndProject
Global
	GlobalSection(SolutionConfigurationPlatforms) = preSolution
		Debug|Any CPU = Debug|Any CPU
		Release|Any CPU = Release|Any CPU
	EndGlobalSection
	GlobalSection(ProjectConfigurationPlatforms) = postSolution
		{F73B65EF-F5ED-4981-9D96-26DF2C661694}.Debug|Any CPU.ActiveCfg = Debug|Any CPU
		{F73B65EF-F5ED-4981-9D96-26DF2C661694}.Debug|Any CPU.Build.0 = Debug|Any CPU
		{F73B65EF-F5ED-4981-9D96-26DF2C661694}.Release|Any CPU.ActiveCfg = Release|Any CPU
		{F73B65EF-F5ED-4981-9D96-26DF2C661694}.Release|Any CPU.Build.0 = Release|Any CPU
		{AEF51164-403D-493E-A28F-EB750D938D03}.Debug|Any CPU.ActiveCfg = Debug|Any CPU
		{AEF51164-403D-493E-A28F-EB750D938D03}.Debug|Any CPU.Build.0 = Debug|Any CPU
		{AEF51164-403D-493E-A28F-EB750D938D03}.Release|Any CPU.ActiveCfg = Release|Any CPU
		{AEF51164-403D-493E-A28F-EB750D938D03}.Release|Any CPU.Build.0 = Release|Any CPU
		{09BD57ED-2A37-47A8-93B4-B06F04E028CC}.Debug|Any CPU.ActiveCfg = Debug|Any CPU
		{09BD57ED-2A37-47A8-93B4-B06F04E028CC}.Debug|Any CPU.Build.0 = Debug|Any CPU
		{09BD57ED-2A37-47A8-93B4-B06F04E028CC}.Release|Any CPU.ActiveCfg = Release|Any CPU
		{09BD57ED-2A37-47A8-93B4-B06F04E028CC}.Release|Any CPU.Build.0 = Release|Any CPU
		{C38D72FB-528B-4B03-A53A-B2BDAFD5EF3F}.Debug|Any CPU.ActiveCfg = Debug|Any CPU
		{C38D72FB-528B-4B03-A53A-B2BDAFD5EF3F}.Debug|Any CPU.Build.0 = Debug|Any CPU
		{C38D72FB-528B-4B03-A53A-B2BDAFD5EF3F}.Release|Any CPU.ActiveCfg = Release|Any CPU
		{C38D72FB-528B-4B03-A53A-B2BDAFD5EF3F}.Release|Any CPU.Build.0 = Release|Any CPU
		{901C014C-9C23-4152-BDFE-3602EB29A258}.Debug|Any CPU.ActiveCfg = Debug|Any CPU
		{901C014C-9C23-4152-BDFE-3602EB29A258}.Debug|Any CPU.Build.0 = Debug|Any CPU
		{901C014C-9C23-4152-BDFE-3602EB29A258}.Release|Any CPU.ActiveCfg = Release|Any CPU
		{901C014C-9C23-4152-BDFE-3602EB29A258}.Release|Any CPU.Build.0 = Release|Any CPU
	EndGlobalSection
	GlobalSection(SolutionProperties) = preSolution
		HideSolutionNode = FALSE
	EndGlobalSection
	GlobalSection(ExtensibilityGlobals) = postSolution
		SolutionGuid = {7FA62591-8C9B-4468-B123-204DC43C777E}
	EndGlobalSection
EndGlobal
